
Microsoft Visual Studio Solution File, Format Version 12.00
# Visual Studio Version 17
VisualStudioVersion = 17.7.34024.191
MinimumVisualStudioVersion = 10.0.40219.1
Project("{FAE04EC0-301F-11D3-BF4B-00C04F79EFBC}") = "lab12", "lab12.csproj", "{AE23AAC7-0C1D-487B-AC6C-145334F16879}"
EndProject
Global
	GlobalSection(SolutionConfigurationPlatforms) = preSolution
		Debug|Any CPU = Debug|Any CPU
		Release|Any CPU = Release|Any CPU
	EndGlobalSection
	GlobalSection(ProjectConfigurationPlatforms) = postSolution
		{AE23AAC7-0C1D-487B-AC6C-145334F16879}.Debug|Any CPU.ActiveCfg = Debug|Any CPU
		{AE23AAC7-0C1D-487B-AC6C-145334F16879}.Debug|Any CPU.Build.0 = Debug|Any CPU
		{AE23AAC7-0C1D-487B-AC6C-145334F16879}.Release|Any CPU.ActiveCfg = Release|Any CPU
		{AE23AAC7-0C1D-487B-AC6C-145334F16879}.Release|Any CPU.Build.0 = Release|Any CPU
	EndGlobalSection
	GlobalSection(SolutionProperties) = preSolution
		HideSolutionNode = FALSE
	EndGlobalSection
	GlobalSection(ExtensibilityGlobals) = postSolution
		SolutionGuid = {AF22E58B-599B-495A-8F3D-E4C26552A54F}
	EndGlobalSection
EndGlobal
