
Microsoft Visual Studio Solution File, Format Version 12.00
# Visual Studio Version 17
VisualStudioVersion = 17.7.34024.191
MinimumVisualStudioVersion = 10.0.40219.1
Project("{FAE04EC0-301F-11D3-BF4B-00C04F79EFBC}") = "lab7", "lab7.csproj", "{2D19A157-6CE0-4225-9147-A73A1FB7F066}"
EndProject
Global
	GlobalSection(SolutionConfigurationPlatforms) = preSolution
		Debug|Any CPU = Debug|Any CPU
		Release|Any CPU = Release|Any CPU
	EndGlobalSection
	GlobalSection(ProjectConfigurationPlatforms) = postSolution
		{2D19A157-6CE0-4225-9147-A73A1FB7F066}.Debug|Any CPU.ActiveCfg = Debug|Any CPU
		{2D19A157-6CE0-4225-9147-A73A1FB7F066}.Debug|Any CPU.Build.0 = Debug|Any CPU
		{2D19A157-6CE0-4225-9147-A73A1FB7F066}.Release|Any CPU.ActiveCfg = Release|Any CPU
		{2D19A157-6CE0-4225-9147-A73A1FB7F066}.Release|Any CPU.Build.0 = Release|Any CPU
	EndGlobalSection
	GlobalSection(SolutionProperties) = preSolution
		HideSolutionNode = FALSE
	EndGlobalSection
	GlobalSection(ExtensibilityGlobals) = postSolution
		SolutionGuid = {18A56FE6-559B-4A91-AFD6-A79E0AF30655}
	EndGlobalSection
EndGlobal
